
Microsoft Visual Studio Solution File, Format Version 12.00
# Visual Studio Version 17
VisualStudioVersion = 17.1.32328.378
MinimumVisualStudioVersion = 10.0.40219.1
Project("{9A19103F-16F7-4668-BE54-9A1E7A4F7556}") = "Sparky", "Sparky\Sparky.csproj", "{077DB698-DC6D-410E-8B2B-0C920932714E}"
EndProject
Project("{9A19103F-16F7-4668-BE54-9A1E7A4F7556}") = "SparkyMSTest", "SparkyMSTest\SparkyMSTest.csproj", "{34742F82-DD26-45C6-AE18-7EC027A4F85E}"
EndProject
Project("{9A19103F-16F7-4668-BE54-9A1E7A4F7556}") = "SparkyNUnitTest", "SparkyNUnitTest\SparkyNUnitTest.csproj", "{C4387592-05FC-409A-A771-EFA4AD22D97C}"
EndProject
Project("{9A19103F-16F7-4668-BE54-9A1E7A4F7556}") = "SparkyXUnit", "SparkyXUnit\SparkyXUnit.csproj", "{5E9A6C81-3FD8-4809-8B62-FB8F372FC007}"
EndProject
Project("{2150E333-8FDC-42A3-9474-1A3956D46DE8}") = "Basic Foundation", "Basic Foundation", "{3F0ACA95-6FDC-4041-AD83-ADCBBBCAB173}"
EndProject
Project("{2150E333-8FDC-42A3-9474-1A3956D46DE8}") = "Bongo Web", "Bongo Web", "{3BC519A5-39DD-4730-8E98-D87A88F33F7D}"
EndProject
Project("{9A19103F-16F7-4668-BE54-9A1E7A4F7556}") = "Bongo.Core", "Bongo\Bongo.Core\Bongo.Core.csproj", "{09C8C446-66AC-4289-A986-0FD6832CF110}"
EndProject
Project("{9A19103F-16F7-4668-BE54-9A1E7A4F7556}") = "Bongo.DataAccess", "Bongo\Bongo.DataAccess\Bongo.DataAccess.csproj", "{2A4DCCF4-7D3A-4C9E-B43E-361D4D2169A2}"
EndProject
Project("{9A19103F-16F7-4668-BE54-9A1E7A4F7556}") = "Bongo.Models", "Bongo\Bongo.Models\Bongo.Models.csproj", "{93091022-186A-40CF-8BE4-54D729819B8E}"
EndProject
Project("{9A19103F-16F7-4668-BE54-9A1E7A4F7556}") = "Bongo.Web", "Bongo\Bongo.Web\Bongo.Web.csproj", "{7AE2177D-7EDE-4F1B-AE29-C906D8775A8E}"
EndProject
Project("{9A19103F-16F7-4668-BE54-9A1E7A4F7556}") = "Bongo.Models.Tests", "Bongo.Models.Tests\Bongo.Models.Tests.csproj", "{CCEB4544-8E54-4D56-9E70-6FFB15812FFD}"
EndProject
Project("{9A19103F-16F7-4668-BE54-9A1E7A4F7556}") = "Bongo.DataAccess.Tests", "Bongo.DataAccess.Tests\Bongo.DataAccess.Tests.csproj", "{36551061-C1B2-4803-ADF0-535E823834BC}"
EndProject
Project("{9A19103F-16F7-4668-BE54-9A1E7A4F7556}") = "Bongo.Core.Tests", "Bongo.Core.Tests\Bongo.Core.Tests.csproj", "{932CAFF4-C424-402C-82E4-C724694EA98D}"
EndProject
Project("{FAE04EC0-301F-11D3-BF4B-00C04F79EFBC}") = "Bongo.Web.Tests", "Bongo.Web.Tests\Bongo.Web.Tests.csproj", "{83EDE961-3C4C-4463-9D8A-2C01F7D1A450}"
EndProject
Global
	GlobalSection(SolutionConfigurationPlatforms) = preSolution
		Debug|Any CPU = Debug|Any CPU
		Release|Any CPU = Release|Any CPU
	EndGlobalSection
	GlobalSection(ProjectConfigurationPlatforms) = postSolution
		{077DB698-DC6D-410E-8B2B-0C920932714E}.Debug|Any CPU.ActiveCfg = Debug|Any CPU
		{077DB698-DC6D-410E-8B2B-0C920932714E}.Debug|Any CPU.Build.0 = Debug|Any CPU
		{077DB698-DC6D-410E-8B2B-0C920932714E}.Release|Any CPU.ActiveCfg = Release|Any CPU
		{077DB698-DC6D-410E-8B2B-0C920932714E}.Release|Any CPU.Build.0 = Release|Any CPU
		{34742F82-DD26-45C6-AE18-7EC027A4F85E}.Debug|Any CPU.ActiveCfg = Debug|Any CPU
		{34742F82-DD26-45C6-AE18-7EC027A4F85E}.Debug|Any CPU.Build.0 = Debug|Any CPU
		{34742F82-DD26-45C6-AE18-7EC027A4F85E}.Release|Any CPU.ActiveCfg = Release|Any CPU
		{34742F82-DD26-45C6-AE18-7EC027A4F85E}.Release|Any CPU.Build.0 = Release|Any CPU
		{C4387592-05FC-409A-A771-EFA4AD22D97C}.Debug|Any CPU.ActiveCfg = Debug|Any CPU
		{C4387592-05FC-409A-A771-EFA4AD22D97C}.Debug|Any CPU.Build.0 = Debug|Any CPU
		{C4387592-05FC-409A-A771-EFA4AD22D97C}.Release|Any CPU.ActiveCfg = Release|Any CPU
		{C4387592-05FC-409A-A771-EFA4AD22D97C}.Release|Any CPU.Build.0 = Release|Any CPU
		{5E9A6C81-3FD8-4809-8B62-FB8F372FC007}.Debug|Any CPU.ActiveCfg = Debug|Any CPU
		{5E9A6C81-3FD8-4809-8B62-FB8F372FC007}.Debug|Any CPU.Build.0 = Debug|Any CPU
		{5E9A6C81-3FD8-4809-8B62-FB8F372FC007}.Release|Any CPU.ActiveCfg = Release|Any CPU
		{5E9A6C81-3FD8-4809-8B62-FB8F372FC007}.Release|Any CPU.Build.0 = Release|Any CPU
		{09C8C446-66AC-4289-A986-0FD6832CF110}.Debug|Any CPU.ActiveCfg = Debug|Any CPU
		{09C8C446-66AC-4289-A986-0FD6832CF110}.Debug|Any CPU.Build.0 = Debug|Any CPU
		{09C8C446-66AC-4289-A986-0FD6832CF110}.Release|Any CPU.ActiveCfg = Release|Any CPU
		{09C8C446-66AC-4289-A986-0FD6832CF110}.Release|Any CPU.Build.0 = Release|Any CPU
		{2A4DCCF4-7D3A-4C9E-B43E-361D4D2169A2}.Debug|Any CPU.ActiveCfg = Debug|Any CPU
		{2A4DCCF4-7D3A-4C9E-B43E-361D4D2169A2}.Debug|Any CPU.Build.0 = Debug|Any CPU
		{2A4DCCF4-7D3A-4C9E-B43E-361D4D2169A2}.Release|Any CPU.ActiveCfg = Release|Any CPU
		{2A4DCCF4-7D3A-4C9E-B43E-361D4D2169A2}.Release|Any CPU.Build.0 = Release|Any CPU
		{93091022-186A-40CF-8BE4-54D729819B8E}.Debug|Any CPU.ActiveCfg = Debug|Any CPU
		{93091022-186A-40CF-8BE4-54D729819B8E}.Debug|Any CPU.Build.0 = Debug|Any CPU
		{93091022-186A-40CF-8BE4-54D729819B8E}.Release|Any CPU.ActiveCfg = Release|Any CPU
		{93091022-186A-40CF-8BE4-54D729819B8E}.Release|Any CPU.Build.0 = Release|Any CPU
		{7AE2177D-7EDE-4F1B-AE29-C906D8775A8E}.Debug|Any CPU.ActiveCfg = Debug|Any CPU
		{7AE2177D-7EDE-4F1B-AE29-C906D8775A8E}.Debug|Any CPU.Build.0 = Debug|Any CPU
		{7AE2177D-7EDE-4F1B-AE29-C906D8775A8E}.Release|Any CPU.ActiveCfg = Release|Any CPU
		{7AE2177D-7EDE-4F1B-AE29-C906D8775A8E}.Release|Any CPU.Build.0 = Release|Any CPU
		{CCEB4544-8E54-4D56-9E70-6FFB15812FFD}.Debug|Any CPU.ActiveCfg = Debug|Any CPU
		{CCEB4544-8E54-4D56-9E70-6FFB15812FFD}.Debug|Any CPU.Build.0 = Debug|Any CPU
		{CCEB4544-8E54-4D56-9E70-6FFB15812FFD}.Release|Any CPU.ActiveCfg = Release|Any CPU
		{CCEB4544-8E54-4D56-9E70-6FFB15812FFD}.Release|Any CPU.Build.0 = Release|Any CPU
		{36551061-C1B2-4803-ADF0-535E823834BC}.Debug|Any CPU.ActiveCfg = Debug|Any CPU
		{36551061-C1B2-4803-ADF0-535E823834BC}.Debug|Any CPU.Build.0 = Debug|Any CPU
		{36551061-C1B2-4803-ADF0-535E823834BC}.Release|Any CPU.ActiveCfg = Release|Any CPU
		{36551061-C1B2-4803-ADF0-535E823834BC}.Release|Any CPU.Build.0 = Release|Any CPU
		{932CAFF4-C424-402C-82E4-C724694EA98D}.Debug|Any CPU.ActiveCfg = Debug|Any CPU
		{932CAFF4-C424-402C-82E4-C724694EA98D}.Debug|Any CPU.Build.0 = Debug|Any CPU
		{932CAFF4-C424-402C-82E4-C724694EA98D}.Release|Any CPU.ActiveCfg = Release|Any CPU
		{932CAFF4-C424-402C-82E4-C724694EA98D}.Release|Any CPU.Build.0 = Release|Any CPU
		{83EDE961-3C4C-4463-9D8A-2C01F7D1A450}.Debug|Any CPU.ActiveCfg = Debug|Any CPU
		{83EDE961-3C4C-4463-9D8A-2C01F7D1A450}.Debug|Any CPU.Build.0 = Debug|Any CPU
		{83EDE961-3C4C-4463-9D8A-2C01F7D1A450}.Release|Any CPU.ActiveCfg = Release|Any CPU
		{83EDE961-3C4C-4463-9D8A-2C01F7D1A450}.Release|Any CPU.Build.0 = Release|Any CPU
	EndGlobalSection
	GlobalSection(SolutionProperties) = preSolution
		HideSolutionNode = FALSE
	EndGlobalSection
	GlobalSection(NestedProjects) = preSolution
		{077DB698-DC6D-410E-8B2B-0C920932714E} = {3F0ACA95-6FDC-4041-AD83-ADCBBBCAB173}
		{34742F82-DD26-45C6-AE18-7EC027A4F85E} = {3F0ACA95-6FDC-4041-AD83-ADCBBBCAB173}
		{C4387592-05FC-409A-A771-EFA4AD22D97C} = {3F0ACA95-6FDC-4041-AD83-ADCBBBCAB173}
		{5E9A6C81-3FD8-4809-8B62-FB8F372FC007} = {3F0ACA95-6FDC-4041-AD83-ADCBBBCAB173}
		{09C8C446-66AC-4289-A986-0FD6832CF110} = {3BC519A5-39DD-4730-8E98-D87A88F33F7D}
		{2A4DCCF4-7D3A-4C9E-B43E-361D4D2169A2} = {3BC519A5-39DD-4730-8E98-D87A88F33F7D}
		{93091022-186A-40CF-8BE4-54D729819B8E} = {3BC519A5-39DD-4730-8E98-D87A88F33F7D}
		{7AE2177D-7EDE-4F1B-AE29-C906D8775A8E} = {3BC519A5-39DD-4730-8E98-D87A88F33F7D}
		{CCEB4544-8E54-4D56-9E70-6FFB15812FFD} = {3BC519A5-39DD-4730-8E98-D87A88F33F7D}
		{36551061-C1B2-4803-ADF0-535E823834BC} = {3BC519A5-39DD-4730-8E98-D87A88F33F7D}
		{932CAFF4-C424-402C-82E4-C724694EA98D} = {3BC519A5-39DD-4730-8E98-D87A88F33F7D}
		{83EDE961-3C4C-4463-9D8A-2C01F7D1A450} = {3BC519A5-39DD-4730-8E98-D87A88F33F7D}
	EndGlobalSection
	GlobalSection(ExtensibilityGlobals) = postSolution
		SolutionGuid = {79A67865-8A50-4769-9102-535109E68FFE}
	EndGlobalSection
EndGlobal
